
Microsoft Visual Studio Solution File, Format Version 12.00
# Visual Studio 15
VisualStudioVersion = 15.0.28307.1145
MinimumVisualStudioVersion = 10.0.40219.1
Project("{FAE04EC0-301F-11D3-BF4B-00C04F79EFBC}") = "outParameters", "outParameters\outParameters.csproj", "{20DD95F4-414C-4179-8B21-B9F81ACD6623}"
EndProject
Global
	GlobalSection(SolutionConfigurationPlatforms) = preSolution
		Debug|Any CPU = Debug|Any CPU
		Release|Any CPU = Release|Any CPU
	EndGlobalSection
	GlobalSection(ProjectConfigurationPlatforms) = postSolution
		{20DD95F4-414C-4179-8B21-B9F81ACD6623}.Debug|Any CPU.ActiveCfg = Debug|Any CPU
		{20DD95F4-414C-4179-8B21-B9F81ACD6623}.Debug|Any CPU.Build.0 = Debug|Any CPU
		{20DD95F4-414C-4179-8B21-B9F81ACD6623}.Release|Any CPU.ActiveCfg = Release|Any CPU
		{20DD95F4-414C-4179-8B21-B9F81ACD6623}.Release|Any CPU.Build.0 = Release|Any CPU
	EndGlobalSection
	GlobalSection(SolutionProperties) = preSolution
		HideSolutionNode = FALSE
	EndGlobalSection
	GlobalSection(ExtensibilityGlobals) = postSolution
		SolutionGuid = {28B14509-A040-48FA-83D0-85A6060676CC}
	EndGlobalSection
EndGlobal
